
Microsoft Visual Studio Solution File, Format Version 12.00
# Visual Studio Version 16
VisualStudioVersion = 16.0.30804.86
MinimumVisualStudioVersion = 10.0.40219.1
Project("{FAE04EC0-301F-11D3-BF4B-00C04F79EFBC}") = "TRMDataManagerAPI", "TRMDataManagerAPI\TRMDataManagerAPI.csproj", "{24B46074-43A0-4A0E-8C98-153E9FB9C642}"
EndProject
Global
	GlobalSection(SolutionConfigurationPlatforms) = preSolution
		Debug|Any CPU = Debug|Any CPU
		Release|Any CPU = Release|Any CPU
	EndGlobalSection
	GlobalSection(ProjectConfigurationPlatforms) = postSolution
		{24B46074-43A0-4A0E-8C98-153E9FB9C642}.Debug|Any CPU.ActiveCfg = Debug|Any CPU
		{24B46074-43A0-4A0E-8C98-153E9FB9C642}.Debug|Any CPU.Build.0 = Debug|Any CPU
		{24B46074-43A0-4A0E-8C98-153E9FB9C642}.Release|Any CPU.ActiveCfg = Release|Any CPU
		{24B46074-43A0-4A0E-8C98-153E9FB9C642}.Release|Any CPU.Build.0 = Release|Any CPU
	EndGlobalSection
	GlobalSection(SolutionProperties) = preSolution
		HideSolutionNode = FALSE
	EndGlobalSection
	GlobalSection(ExtensibilityGlobals) = postSolution
		SolutionGuid = {5E8CFC4C-0308-47C0-B4A4-CD839BB2BDE3}
	EndGlobalSection
EndGlobal
